// !$*UTF8*$!
{
	archiveVersion = 1;
	classes = {
	};
	objectVersion = 46;
	objects = {

/* Begin PBXBuildFile section */
		150F07FA1C6D4ADF00709858 /* AppDelegate.swift in Sources */ = {isa = PBXBuildFile; fileRef = 150F07F91C6D4ADF00709858 /* AppDelegate.swift */; };
		150F07FC1C6D4ADF00709858 /* HomeViewController.swift in Sources */ = {isa = PBXBuildFile; fileRef = 150F07FB1C6D4ADF00709858 /* HomeViewController.swift */; };
		150F08021C6D4ADF00709858 /* LazyBastard.xcdatamodeld in Sources */ = {isa = PBXBuildFile; fileRef = 150F08001C6D4ADF00709858 /* LazyBastard.xcdatamodeld */; };
		150F08041C6D4ADF00709858 /* Assets.xcassets in Resources */ = {isa = PBXBuildFile; fileRef = 150F08031C6D4ADF00709858 /* Assets.xcassets */; };
		150F08071C6D4ADF00709858 /* LaunchScreen.storyboard in Resources */ = {isa = PBXBuildFile; fileRef = 150F08051C6D4ADF00709858 /* LaunchScreen.storyboard */; };
		150F08121C6D4AE000709858 /* LazyBastardTests.swift in Sources */ = {isa = PBXBuildFile; fileRef = 150F08111C6D4AE000709858 /* LazyBastardTests.swift */; };
		150F081D1C6D4AE000709858 /* LazyBastardUITests.swift in Sources */ = {isa = PBXBuildFile; fileRef = 150F081C1C6D4AE000709858 /* LazyBastardUITests.swift */; };
		150F08331C6D515200709858 /* BasicViewController.swift in Sources */ = {isa = PBXBuildFile; fileRef = 150F08321C6D515200709858 /* BasicViewController.swift */; };
		150F08381C6D56B900709858 /* LABEvent+CoreDataProperties.swift in Sources */ = {isa = PBXBuildFile; fileRef = 150F08341C6D56B900709858 /* LABEvent+CoreDataProperties.swift */; };
		150F08391C6D56B900709858 /* LABEvent.swift in Sources */ = {isa = PBXBuildFile; fileRef = 150F08351C6D56B900709858 /* LABEvent.swift */; };
		150F083A1C6D56B900709858 /* LABTask+CoreDataProperties.swift in Sources */ = {isa = PBXBuildFile; fileRef = 150F08361C6D56B900709858 /* LABTask+CoreDataProperties.swift */; };
		150F083B1C6D56B900709858 /* LABTask.swift in Sources */ = {isa = PBXBuildFile; fileRef = 150F08371C6D56B900709858 /* LABTask.swift */; };
		150F083E1C6D571E00709858 /* TasksTableView.swift in Sources */ = {isa = PBXBuildFile; fileRef = 150F083D1C6D571E00709858 /* TasksTableView.swift */; };
		150F08421C6D574300709858 /* VotingView.swift in Sources */ = {isa = PBXBuildFile; fileRef = 150F08411C6D574300709858 /* VotingView.swift */; };
		150F08451C6D5DBD00709858 /* TasksDataSource.swift in Sources */ = {isa = PBXBuildFile; fileRef = 150F08441C6D5DBD00709858 /* TasksDataSource.swift */; };
		150F08491C6DF1E200709858 /* StatsTableViewCell.swift in Sources */ = {isa = PBXBuildFile; fileRef = 150F08481C6DF1E200709858 /* StatsTableViewCell.swift */; };
		150F084B1C6DF20700709858 /* BasicView.swift in Sources */ = {isa = PBXBuildFile; fileRef = 150F084A1C6DF20700709858 /* BasicView.swift */; };
		150F084D1C6DF8C500709858 /* Config.swift in Sources */ = {isa = PBXBuildFile; fileRef = 150F084C1C6DF8C500709858 /* Config.swift */; };
		150F084F1C6DF8D200709858 /* Theme.swift in Sources */ = {isa = PBXBuildFile; fileRef = 150F084E1C6DF8D200709858 /* Theme.swift */; };
		150F08521C6DFEB600709858 /* UIColor+Helpers.swift in Sources */ = {isa = PBXBuildFile; fileRef = 150F08511C6DFEB600709858 /* UIColor+Helpers.swift */; };
		150F08541C6E142800709858 /* TaskTableViewCell.swift in Sources */ = {isa = PBXBuildFile; fileRef = 150F08531C6E142800709858 /* TaskTableViewCell.swift */; };
		150F08561C6E144C00709858 /* BasicTableViewCell.swift in Sources */ = {isa = PBXBuildFile; fileRef = 150F08551C6E144C00709858 /* BasicTableViewCell.swift */; };
		150F08591C6E1C3100709858 /* CoreData.swift in Sources */ = {isa = PBXBuildFile; fileRef = 150F08581C6E1C3100709858 /* CoreData.swift */; };
		150F085B1C6E4CD100709858 /* AddTaskTableViewCell.swift in Sources */ = {isa = PBXBuildFile; fileRef = 150F085A1C6E4CD100709858 /* AddTaskTableViewCell.swift */; };
		15A4750D1C7E21DC00C0C568 /* StagesOfLazy.swift in Sources */ = {isa = PBXBuildFile; fileRef = 15A4750C1C7E21DC00C0C568 /* StagesOfLazy.swift */; };
		15A4750F1C7E762700C0C568 /* NSDate+Helpers.swift in Sources */ = {isa = PBXBuildFile; fileRef = 15A4750E1C7E762700C0C568 /* NSDate+Helpers.swift */; };
		15A475111C7E780E00C0C568 /* BasicTableView.swift in Sources */ = {isa = PBXBuildFile; fileRef = 15A475101C7E780E00C0C568 /* BasicTableView.swift */; };
		15A475131C7E83C400C0C568 /* UIView+Borders.swift in Sources */ = {isa = PBXBuildFile; fileRef = 15A475121C7E83C400C0C568 /* UIView+Borders.swift */; };
		AAEC17758B84A3905E6BC9EE /* Pods_LazyBastard.framework in Frameworks */ = {isa = PBXBuildFile; fileRef = 4017433B7FE9DE0250C64A45 /* Pods_LazyBastard.framework */; settings = {ATTRIBUTES = (Weak, ); }; };
/* End PBXBuildFile section */

/* Begin PBXContainerItemProxy section */
		150F080E1C6D4AE000709858 /* PBXContainerItemProxy */ = {
			isa = PBXContainerItemProxy;
			containerPortal = 150F07EE1C6D4ADF00709858 /* Project object */;
			proxyType = 1;
			remoteGlobalIDString = 150F07F51C6D4ADF00709858;
			remoteInfo = LazyBastard;
		};
		150F08191C6D4AE000709858 /* PBXContainerItemProxy */ = {
			isa = PBXContainerItemProxy;
			containerPortal = 150F07EE1C6D4ADF00709858 /* Project object */;
			proxyType = 1;
			remoteGlobalIDString = 150F07F51C6D4ADF00709858;
			remoteInfo = LazyBastard;
		};
/* End PBXContainerItemProxy section */

/* Begin PBXFileReference section */
		150F07F61C6D4ADF00709858 /* LazyBastard.app */ = {isa = PBXFileReference; explicitFileType = wrapper.application; includeInIndex = 0; path = LazyBastard.app; sourceTree = BUILT_PRODUCTS_DIR; };
		150F07F91C6D4ADF00709858 /* AppDelegate.swift */ = {isa = PBXFileReference; lastKnownFileType = sourcecode.swift; path = AppDelegate.swift; sourceTree = "<group>"; };
		150F07FB1C6D4ADF00709858 /* HomeViewController.swift */ = {isa = PBXFileReference; lastKnownFileType = sourcecode.swift; path = HomeViewController.swift; sourceTree = "<group>"; };
		150F08011C6D4ADF00709858 /* LazyBastard.xcdatamodel */ = {isa = PBXFileReference; lastKnownFileType = wrapper.xcdatamodel; path = LazyBastard.xcdatamodel; sourceTree = "<group>"; };
		150F08031C6D4ADF00709858 /* Assets.xcassets */ = {isa = PBXFileReference; lastKnownFileType = folder.assetcatalog; path = Assets.xcassets; sourceTree = "<group>"; };
		150F08061C6D4ADF00709858 /* Base */ = {isa = PBXFileReference; lastKnownFileType = file.storyboard; name = Base; path = Base.lproj/LaunchScreen.storyboard; sourceTree = "<group>"; };
		150F08081C6D4ADF00709858 /* Info.plist */ = {isa = PBXFileReference; lastKnownFileType = text.plist.xml; path = Info.plist; sourceTree = "<group>"; };
		150F080D1C6D4AE000709858 /* LazyBastardTests.xctest */ = {isa = PBXFileReference; explicitFileType = wrapper.cfbundle; includeInIndex = 0; path = LazyBastardTests.xctest; sourceTree = BUILT_PRODUCTS_DIR; };
		150F08111C6D4AE000709858 /* LazyBastardTests.swift */ = {isa = PBXFileReference; lastKnownFileType = sourcecode.swift; path = LazyBastardTests.swift; sourceTree = "<group>"; };
		150F08131C6D4AE000709858 /* Info.plist */ = {isa = PBXFileReference; lastKnownFileType = text.plist.xml; path = Info.plist; sourceTree = "<group>"; };
		150F08181C6D4AE000709858 /* LazyBastardUITests.xctest */ = {isa = PBXFileReference; explicitFileType = wrapper.cfbundle; includeInIndex = 0; path = LazyBastardUITests.xctest; sourceTree = BUILT_PRODUCTS_DIR; };
		150F081C1C6D4AE000709858 /* LazyBastardUITests.swift */ = {isa = PBXFileReference; lastKnownFileType = sourcecode.swift; path = LazyBastardUITests.swift; sourceTree = "<group>"; };
		150F081E1C6D4AE000709858 /* Info.plist */ = {isa = PBXFileReference; lastKnownFileType = text.plist.xml; path = Info.plist; sourceTree = "<group>"; };
		150F08321C6D515200709858 /* BasicViewController.swift */ = {isa = PBXFileReference; fileEncoding = 4; lastKnownFileType = sourcecode.swift; path = BasicViewController.swift; sourceTree = "<group>"; };
		150F08341C6D56B900709858 /* LABEvent+CoreDataProperties.swift */ = {isa = PBXFileReference; fileEncoding = 4; lastKnownFileType = sourcecode.swift; path = "LABEvent+CoreDataProperties.swift"; sourceTree = "<group>"; };
		150F08351C6D56B900709858 /* LABEvent.swift */ = {isa = PBXFileReference; fileEncoding = 4; lastKnownFileType = sourcecode.swift; path = LABEvent.swift; sourceTree = "<group>"; };
		150F08361C6D56B900709858 /* LABTask+CoreDataProperties.swift */ = {isa = PBXFileReference; fileEncoding = 4; lastKnownFileType = sourcecode.swift; path = "LABTask+CoreDataProperties.swift"; sourceTree = "<group>"; };
		150F08371C6D56B900709858 /* LABTask.swift */ = {isa = PBXFileReference; fileEncoding = 4; lastKnownFileType = sourcecode.swift; path = LABTask.swift; sourceTree = "<group>"; };
		150F083D1C6D571E00709858 /* TasksTableView.swift */ = {isa = PBXFileReference; fileEncoding = 4; lastKnownFileType = sourcecode.swift; path = TasksTableView.swift; sourceTree = "<group>"; };
		150F08411C6D574300709858 /* VotingView.swift */ = {isa = PBXFileReference; fileEncoding = 4; lastKnownFileType = sourcecode.swift; path = VotingView.swift; sourceTree = "<group>"; };
		150F08441C6D5DBD00709858 /* TasksDataSource.swift */ = {isa = PBXFileReference; fileEncoding = 4; lastKnownFileType = sourcecode.swift; path = TasksDataSource.swift; sourceTree = "<group>"; };
		150F08481C6DF1E200709858 /* StatsTableViewCell.swift */ = {isa = PBXFileReference; fileEncoding = 4; lastKnownFileType = sourcecode.swift; path = StatsTableViewCell.swift; sourceTree = "<group>"; };
		150F084A1C6DF20700709858 /* BasicView.swift */ = {isa = PBXFileReference; fileEncoding = 4; lastKnownFileType = sourcecode.swift; path = BasicView.swift; sourceTree = "<group>"; };
		150F084C1C6DF8C500709858 /* Config.swift */ = {isa = PBXFileReference; fileEncoding = 4; lastKnownFileType = sourcecode.swift; path = Config.swift; sourceTree = "<group>"; };
		150F084E1C6DF8D200709858 /* Theme.swift */ = {isa = PBXFileReference; fileEncoding = 4; lastKnownFileType = sourcecode.swift; path = Theme.swift; sourceTree = "<group>"; };
		150F08511C6DFEB600709858 /* UIColor+Helpers.swift */ = {isa = PBXFileReference; fileEncoding = 4; lastKnownFileType = sourcecode.swift; path = "UIColor+Helpers.swift"; sourceTree = "<group>"; };
		150F08531C6E142800709858 /* TaskTableViewCell.swift */ = {isa = PBXFileReference; fileEncoding = 4; lastKnownFileType = sourcecode.swift; path = TaskTableViewCell.swift; sourceTree = "<group>"; };
		150F08551C6E144C00709858 /* BasicTableViewCell.swift */ = {isa = PBXFileReference; fileEncoding = 4; lastKnownFileType = sourcecode.swift; path = BasicTableViewCell.swift; sourceTree = "<group>"; };
		150F08581C6E1C3100709858 /* CoreData.swift */ = {isa = PBXFileReference; fileEncoding = 4; lastKnownFileType = sourcecode.swift; path = CoreData.swift; sourceTree = "<group>"; };
		150F085A1C6E4CD100709858 /* AddTaskTableViewCell.swift */ = {isa = PBXFileReference; fileEncoding = 4; lastKnownFileType = sourcecode.swift; path = AddTaskTableViewCell.swift; sourceTree = "<group>"; };
		15A4750C1C7E21DC00C0C568 /* StagesOfLazy.swift */ = {isa = PBXFileReference; fileEncoding = 4; lastKnownFileType = sourcecode.swift; path = StagesOfLazy.swift; sourceTree = "<group>"; };
		15A4750E1C7E762700C0C568 /* NSDate+Helpers.swift */ = {isa = PBXFileReference; fileEncoding = 4; lastKnownFileType = sourcecode.swift; path = "NSDate+Helpers.swift"; sourceTree = "<group>"; };
		15A475101C7E780E00C0C568 /* BasicTableView.swift */ = {isa = PBXFileReference; fileEncoding = 4; lastKnownFileType = sourcecode.swift; path = BasicTableView.swift; sourceTree = "<group>"; };
		15A475121C7E83C400C0C568 /* UIView+Borders.swift */ = {isa = PBXFileReference; fileEncoding = 4; lastKnownFileType = sourcecode.swift; path = "UIView+Borders.swift"; sourceTree = "<group>"; };
		15A475141C7E87BE00C0C568 /* BridgingHeaderFile.h */ = {isa = PBXFileReference; lastKnownFileType = sourcecode.c.h; path = BridgingHeaderFile.h; sourceTree = "<group>"; };
		245106C73A4A0CA70D3326D8 /* Pods-LazyBastard.debug.xcconfig */ = {isa = PBXFileReference; includeInIndex = 1; lastKnownFileType = text.xcconfig; name = "Pods-LazyBastard.debug.xcconfig"; path = "Pods/Target Support Files/Pods-LazyBastard/Pods-LazyBastard.debug.xcconfig"; sourceTree = "<group>"; };
		4017433B7FE9DE0250C64A45 /* Pods_LazyBastard.framework */ = {isa = PBXFileReference; explicitFileType = wrapper.framework; includeInIndex = 0; path = Pods_LazyBastard.framework; sourceTree = BUILT_PRODUCTS_DIR; };
		A9FDFF136C70A05ADCA9E09B /* Pods-LazyBastard.release.xcconfig */ = {isa = PBXFileReference; includeInIndex = 1; lastKnownFileType = text.xcconfig; name = "Pods-LazyBastard.release.xcconfig"; path = "Pods/Target Support Files/Pods-LazyBastard/Pods-LazyBastard.release.xcconfig"; sourceTree = "<group>"; };
/* End PBXFileReference section */

/* Begin PBXFrameworksBuildPhase section */
		150F07F31C6D4ADF00709858 /* Frameworks */ = {
			isa = PBXFrameworksBuildPhase;
			buildActionMask = 2147483647;
			files = (
				AAEC17758B84A3905E6BC9EE /* Pods_LazyBastard.framework in Frameworks */,
			);
			runOnlyForDeploymentPostprocessing = 0;
		};
		150F080A1C6D4AE000709858 /* Frameworks */ = {
			isa = PBXFrameworksBuildPhase;
			buildActionMask = 2147483647;
			files = (
			);
			runOnlyForDeploymentPostprocessing = 0;
		};
		150F08151C6D4AE000709858 /* Frameworks */ = {
			isa = PBXFrameworksBuildPhase;
			buildActionMask = 2147483647;
			files = (
			);
			runOnlyForDeploymentPostprocessing = 0;
		};
/* End PBXFrameworksBuildPhase section */

/* Begin PBXGroup section */
		150F07ED1C6D4ADF00709858 = {
			isa = PBXGroup;
			children = (
				150F07F81C6D4ADF00709858 /* LazyBastard */,
				150F08101C6D4AE000709858 /* LazyBastardTests */,
				150F081B1C6D4AE000709858 /* LazyBastardUITests */,
				150F07F71C6D4ADF00709858 /* Products */,
				29A7C3EF4AE1BFFDC4F238C3 /* Pods */,
				B9843165DEEEE9126DA3A064 /* Frameworks */,
			);
			sourceTree = "<group>";
		};
		150F07F71C6D4ADF00709858 /* Products */ = {
			isa = PBXGroup;
			children = (
				150F07F61C6D4ADF00709858 /* LazyBastard.app */,
				150F080D1C6D4AE000709858 /* LazyBastardTests.xctest */,
				150F08181C6D4AE000709858 /* LazyBastardUITests.xctest */,
			);
			name = Products;
			sourceTree = "<group>";
		};
		150F07F81C6D4ADF00709858 /* LazyBastard */ = {
			isa = PBXGroup;
			children = (
				150F08501C6DFE8600709858 /* Extensions */,
				150F082E1C6D4C7500709858 /* Config */,
				150F082D1C6D4C6F00709858 /* Libs */,
				150F082C1C6D4C6900709858 /* Model */,
				150F082B1C6D4C6300709858 /* Views */,
				150F082A1C6D4B5D00709858 /* View controllers */,
				150F07F91C6D4ADF00709858 /* AppDelegate.swift */,
				150F082F1C6D4CA600709858 /* Supporting files */,
			);
			path = LazyBastard;
			sourceTree = "<group>";
		};
		150F08101C6D4AE000709858 /* LazyBastardTests */ = {
			isa = PBXGroup;
			children = (
				150F08111C6D4AE000709858 /* LazyBastardTests.swift */,
				150F08131C6D4AE000709858 /* Info.plist */,
			);
			path = LazyBastardTests;
			sourceTree = "<group>";
		};
		150F081B1C6D4AE000709858 /* LazyBastardUITests */ = {
			isa = PBXGroup;
			children = (
				150F081C1C6D4AE000709858 /* LazyBastardUITests.swift */,
				150F081E1C6D4AE000709858 /* Info.plist */,
			);
			path = LazyBastardUITests;
			sourceTree = "<group>";
		};
		150F082A1C6D4B5D00709858 /* View controllers */ = {
			isa = PBXGroup;
			children = (
				150F08301C6D4CC900709858 /* Home */,
				150F08311C6D50FF00709858 /* Basic */,
			);
			name = "View controllers";
			sourceTree = "<group>";
		};
		150F082B1C6D4C6300709858 /* Views */ = {
			isa = PBXGroup;
			children = (
				150F083C1C6D570500709858 /* Tasks */,
				150F08401C6D572E00709858 /* Voting */,
				150F08461C6D630900709858 /* Basic */,
			);
			name = Views;
			sourceTree = "<group>";
		};
		150F082C1C6D4C6900709858 /* Model */ = {
			isa = PBXGroup;
			children = (
				150F08341C6D56B900709858 /* LABEvent+CoreDataProperties.swift */,
				150F08351C6D56B900709858 /* LABEvent.swift */,
				150F08361C6D56B900709858 /* LABTask+CoreDataProperties.swift */,
				150F08371C6D56B900709858 /* LABTask.swift */,
			);
			name = Model;
			sourceTree = "<group>";
		};
		150F082D1C6D4C6F00709858 /* Libs */ = {
			isa = PBXGroup;
			children = (
				150F08571C6E1AA800709858 /* Data */,
				150F08431C6D5D9B00709858 /* Data sources */,
				15A4750C1C7E21DC00C0C568 /* StagesOfLazy.swift */,
			);
			name = Libs;
			sourceTree = "<group>";
		};
		150F082E1C6D4C7500709858 /* Config */ = {
			isa = PBXGroup;
			children = (
				150F084C1C6DF8C500709858 /* Config.swift */,
				150F084E1C6DF8D200709858 /* Theme.swift */,
			);
			name = Config;
			sourceTree = "<group>";
		};
		150F082F1C6D4CA600709858 /* Supporting files */ = {
			isa = PBXGroup;
			children = (
				150F08031C6D4ADF00709858 /* Assets.xcassets */,
				150F08051C6D4ADF00709858 /* LaunchScreen.storyboard */,
				150F08081C6D4ADF00709858 /* Info.plist */,
				150F08001C6D4ADF00709858 /* LazyBastard.xcdatamodeld */,
				15A475141C7E87BE00C0C568 /* BridgingHeaderFile.h */,
			);
			name = "Supporting files";
			sourceTree = "<group>";
		};
		150F08301C6D4CC900709858 /* Home */ = {
			isa = PBXGroup;
			children = (
				150F07FB1C6D4ADF00709858 /* HomeViewController.swift */,
			);
			name = Home;
			sourceTree = "<group>";
		};
		150F08311C6D50FF00709858 /* Basic */ = {
			isa = PBXGroup;
			children = (
				150F08321C6D515200709858 /* BasicViewController.swift */,
			);
			name = Basic;
			sourceTree = "<group>";
		};
		150F083C1C6D570500709858 /* Tasks */ = {
			isa = PBXGroup;
			children = (
				150F083F1C6D572400709858 /* Cells */,
				150F083D1C6D571E00709858 /* TasksTableView.swift */,
			);
			name = Tasks;
			sourceTree = "<group>";
		};
		150F083F1C6D572400709858 /* Cells */ = {
			isa = PBXGroup;
			children = (
				150F08481C6DF1E200709858 /* StatsTableViewCell.swift */,
				150F08531C6E142800709858 /* TaskTableViewCell.swift */,
				150F085A1C6E4CD100709858 /* AddTaskTableViewCell.swift */,
			);
			name = Cells;
			sourceTree = "<group>";
		};
		150F08401C6D572E00709858 /* Voting */ = {
			isa = PBXGroup;
			children = (
				150F08411C6D574300709858 /* VotingView.swift */,
			);
			name = Voting;
			sourceTree = "<group>";
		};
		150F08431C6D5D9B00709858 /* Data sources */ = {
			isa = PBXGroup;
			children = (
				150F08441C6D5DBD00709858 /* TasksDataSource.swift */,
			);
			name = "Data sources";
			sourceTree = "<group>";
		};
		150F08461C6D630900709858 /* Basic */ = {
			isa = PBXGroup;
			children = (
				150F084A1C6DF20700709858 /* BasicView.swift */,
				15A475101C7E780E00C0C568 /* BasicTableView.swift */,
				150F08551C6E144C00709858 /* BasicTableViewCell.swift */,
			);
			name = Basic;
			sourceTree = "<group>";
		};
		150F08501C6DFE8600709858 /* Extensions */ = {
			isa = PBXGroup;
			children = (
				150F08511C6DFEB600709858 /* UIColor+Helpers.swift */,
				15A4750E1C7E762700C0C568 /* NSDate+Helpers.swift */,
				15A475121C7E83C400C0C568 /* UIView+Borders.swift */,
			);
			name = Extensions;
			sourceTree = "<group>";
		};
		150F08571C6E1AA800709858 /* Data */ = {
			isa = PBXGroup;
			children = (
				150F08581C6E1C3100709858 /* CoreData.swift */,
			);
			name = Data;
			sourceTree = "<group>";
		};
		29A7C3EF4AE1BFFDC4F238C3 /* Pods */ = {
			isa = PBXGroup;
			children = (
				245106C73A4A0CA70D3326D8 /* Pods-LazyBastard.debug.xcconfig */,
				A9FDFF136C70A05ADCA9E09B /* Pods-LazyBastard.release.xcconfig */,
			);
			name = Pods;
			sourceTree = "<group>";
		};
		B9843165DEEEE9126DA3A064 /* Frameworks */ = {
			isa = PBXGroup;
			children = (
				4017433B7FE9DE0250C64A45 /* Pods_LazyBastard.framework */,
			);
			name = Frameworks;
			sourceTree = "<group>";
		};
/* End PBXGroup section */

/* Begin PBXNativeTarget section */
		150F07F51C6D4ADF00709858 /* LazyBastard */ = {
			isa = PBXNativeTarget;
			buildConfigurationList = 150F08211C6D4AE000709858 /* Build configuration list for PBXNativeTarget "LazyBastard" */;
			buildPhases = (
				2BE9003C76EA404C2AB25621 /* Check Pods Manifest.lock */,
				150F07F21C6D4ADF00709858 /* Sources */,
				150F07F31C6D4ADF00709858 /* Frameworks */,
				150F07F41C6D4ADF00709858 /* Resources */,
				583F5B050EC02BFC653B9D9D /* Copy Pods Resources */,
				60E5ABCBEDC5941C9F0C9967 /* Embed Pods Frameworks */,
			);
			buildRules = (
			);
			dependencies = (
			);
			name = LazyBastard;
			productName = LazyBastard;
			productReference = 150F07F61C6D4ADF00709858 /* LazyBastard.app */;
			productType = "com.apple.product-type.application";
		};
		150F080C1C6D4AE000709858 /* LazyBastardTests */ = {
			isa = PBXNativeTarget;
			buildConfigurationList = 150F08241C6D4AE000709858 /* Build configuration list for PBXNativeTarget "LazyBastardTests" */;
			buildPhases = (
				150F08091C6D4AE000709858 /* Sources */,
				150F080A1C6D4AE000709858 /* Frameworks */,
				150F080B1C6D4AE000709858 /* Resources */,
			);
			buildRules = (
			);
			dependencies = (
				150F080F1C6D4AE000709858 /* PBXTargetDependency */,
			);
			name = LazyBastardTests;
			productName = LazyBastardTests;
			productReference = 150F080D1C6D4AE000709858 /* LazyBastardTests.xctest */;
			productType = "com.apple.product-type.bundle.unit-test";
		};
		150F08171C6D4AE000709858 /* LazyBastardUITests */ = {
			isa = PBXNativeTarget;
			buildConfigurationList = 150F08271C6D4AE000709858 /* Build configuration list for PBXNativeTarget "LazyBastardUITests" */;
			buildPhases = (
				150F08141C6D4AE000709858 /* Sources */,
				150F08151C6D4AE000709858 /* Frameworks */,
				150F08161C6D4AE000709858 /* Resources */,
			);
			buildRules = (
			);
			dependencies = (
				150F081A1C6D4AE000709858 /* PBXTargetDependency */,
			);
			name = LazyBastardUITests;
			productName = LazyBastardUITests;
			productReference = 150F08181C6D4AE000709858 /* LazyBastardUITests.xctest */;
			productType = "com.apple.product-type.bundle.ui-testing";
		};
/* End PBXNativeTarget section */

/* Begin PBXProject section */
		150F07EE1C6D4ADF00709858 /* Project object */ = {
			isa = PBXProject;
			attributes = {
				CLASSPREFIX = "";
				LastSwiftUpdateCheck = 0720;
				LastUpgradeCheck = 0720;
				ORGANIZATIONNAME = "Ridiculous Innovations";
				TargetAttributes = {
					150F07F51C6D4ADF00709858 = {
						CreatedOnToolsVersion = 7.2.1;
					};
					150F080C1C6D4AE000709858 = {
						CreatedOnToolsVersion = 7.2.1;
						TestTargetID = 150F07F51C6D4ADF00709858;
					};
					150F08171C6D4AE000709858 = {
						CreatedOnToolsVersion = 7.2.1;
						TestTargetID = 150F07F51C6D4ADF00709858;
					};
				};
			};
			buildConfigurationList = 150F07F11C6D4ADF00709858 /* Build configuration list for PBXProject "LazyBastard" */;
			compatibilityVersion = "Xcode 3.2";
			developmentRegion = English;
			hasScannedForEncodings = 0;
			knownRegions = (
				en,
				Base,
			);
			mainGroup = 150F07ED1C6D4ADF00709858;
			productRefGroup = 150F07F71C6D4ADF00709858 /* Products */;
			projectDirPath = "";
			projectRoot = "";
			targets = (
				150F07F51C6D4ADF00709858 /* LazyBastard */,
				150F080C1C6D4AE000709858 /* LazyBastardTests */,
				150F08171C6D4AE000709858 /* LazyBastardUITests */,
			);
		};
/* End PBXProject section */

/* Begin PBXResourcesBuildPhase section */
		150F07F41C6D4ADF00709858 /* Resources */ = {
			isa = PBXResourcesBuildPhase;
			buildActionMask = 2147483647;
			files = (
				150F08071C6D4ADF00709858 /* LaunchScreen.storyboard in Resources */,
				150F08041C6D4ADF00709858 /* Assets.xcassets in Resources */,
			);
			runOnlyForDeploymentPostprocessing = 0;
		};
		150F080B1C6D4AE000709858 /* Resources */ = {
			isa = PBXResourcesBuildPhase;
			buildActionMask = 2147483647;
			files = (
			);
			runOnlyForDeploymentPostprocessing = 0;
		};
		150F08161C6D4AE000709858 /* Resources */ = {
			isa = PBXResourcesBuildPhase;
			buildActionMask = 2147483647;
			files = (
			);
			runOnlyForDeploymentPostprocessing = 0;
		};
/* End PBXResourcesBuildPhase section */

/* Begin PBXShellScriptBuildPhase section */
		2BE9003C76EA404C2AB25621 /* Check Pods Manifest.lock */ = {
			isa = PBXShellScriptBuildPhase;
			buildActionMask = 2147483647;
			files = (
			);
			inputPaths = (
			);
			name = "Check Pods Manifest.lock";
			outputPaths = (
			);
			runOnlyForDeploymentPostprocessing = 0;
			shellPath = /bin/sh;
			shellScript = "diff \"${PODS_ROOT}/../Podfile.lock\" \"${PODS_ROOT}/Manifest.lock\" > /dev/null\nif [[ $? != 0 ]] ; then\n    cat << EOM\nerror: The sandbox is not in sync with the Podfile.lock. Run 'pod install' or update your CocoaPods installation.\nEOM\n    exit 1\nfi\n";
			showEnvVarsInLog = 0;
		};
		583F5B050EC02BFC653B9D9D /* Copy Pods Resources */ = {
			isa = PBXShellScriptBuildPhase;
			buildActionMask = 2147483647;
			files = (
			);
			inputPaths = (
			);
			name = "Copy Pods Resources";
			outputPaths = (
			);
			runOnlyForDeploymentPostprocessing = 0;
			shellPath = /bin/sh;
			shellScript = "\"${SRCROOT}/Pods/Target Support Files/Pods-LazyBastard/Pods-LazyBastard-resources.sh\"\n";
			showEnvVarsInLog = 0;
		};
		60E5ABCBEDC5941C9F0C9967 /* Embed Pods Frameworks */ = {
			isa = PBXShellScriptBuildPhase;
			buildActionMask = 2147483647;
			files = (
			);
			inputPaths = (
			);
			name = "Embed Pods Frameworks";
			outputPaths = (
			);
			runOnlyForDeploymentPostprocessing = 0;
			shellPath = /bin/sh;
			shellScript = "\"${SRCROOT}/Pods/Target Support Files/Pods-LazyBastard/Pods-LazyBastard-frameworks.sh\"\n";
			showEnvVarsInLog = 0;
		};
/* End PBXShellScriptBuildPhase section */

/* Begin PBXSourcesBuildPhase section */
		150F07F21C6D4ADF00709858 /* Sources */ = {
			isa = PBXSourcesBuildPhase;
			buildActionMask = 2147483647;
			files = (
				150F08391C6D56B900709858 /* LABEvent.swift in Sources */,
				150F08451C6D5DBD00709858 /* TasksDataSource.swift in Sources */,
				150F083A1C6D56B900709858 /* LABTask+CoreDataProperties.swift in Sources */,
				150F08561C6E144C00709858 /* BasicTableViewCell.swift in Sources */,
				15A4750F1C7E762700C0C568 /* NSDate+Helpers.swift in Sources */,
				150F084D1C6DF8C500709858 /* Config.swift in Sources */,
				150F083B1C6D56B900709858 /* LABTask.swift in Sources */,
				150F083E1C6D571E00709858 /* TasksTableView.swift in Sources */,
				150F07FC1C6D4ADF00709858 /* HomeViewController.swift in Sources */,
				150F08381C6D56B900709858 /* LABEvent+CoreDataProperties.swift in Sources */,
				150F084F1C6DF8D200709858 /* Theme.swift in Sources */,
				150F085B1C6E4CD100709858 /* AddTaskTableViewCell.swift in Sources */,
				150F08021C6D4ADF00709858 /* LazyBastard.xcdatamodeld in Sources */,
				150F08591C6E1C3100709858 /* CoreData.swift in Sources */,
				150F08421C6D574300709858 /* VotingView.swift in Sources */,
				150F08521C6DFEB600709858 /* UIColor+Helpers.swift in Sources */,
				150F07FA1C6D4ADF00709858 /* AppDelegate.swift in Sources */,
				150F084B1C6DF20700709858 /* BasicView.swift in Sources */,
				150F08541C6E142800709858 /* TaskTableViewCell.swift in Sources */,
				15A475111C7E780E00C0C568 /* BasicTableView.swift in Sources */,
				15A475131C7E83C400C0C568 /* UIView+Borders.swift in Sources */,
				150F08491C6DF1E200709858 /* StatsTableViewCell.swift in Sources */,
				150F08331C6D515200709858 /* BasicViewController.swift in Sources */,
				15A4750D1C7E21DC00C0C568 /* StagesOfLazy.swift in Sources */,
			);
			runOnlyForDeploymentPostprocessing = 0;
		};
		150F08091C6D4AE000709858 /* Sources */ = {
			isa = PBXSourcesBuildPhase;
			buildActionMask = 2147483647;
			files = (
				150F08121C6D4AE000709858 /* LazyBastardTests.swift in Sources */,
			);
			runOnlyForDeploymentPostprocessing = 0;
		};
		150F08141C6D4AE000709858 /* Sources */ = {
			isa = PBXSourcesBuildPhase;
			buildActionMask = 2147483647;
			files = (
				150F081D1C6D4AE000709858 /* LazyBastardUITests.swift in Sources */,
			);
			runOnlyForDeploymentPostprocessing = 0;
		};
/* End PBXSourcesBuildPhase section */

/* Begin PBXTargetDependency section */
		150F080F1C6D4AE000709858 /* PBXTargetDependency */ = {
			isa = PBXTargetDependency;
			target = 150F07F51C6D4ADF00709858 /* LazyBastard */;
			targetProxy = 150F080E1C6D4AE000709858 /* PBXContainerItemProxy */;
		};
		150F081A1C6D4AE000709858 /* PBXTargetDependency */ = {
			isa = PBXTargetDependency;
			target = 150F07F51C6D4ADF00709858 /* LazyBastard */;
			targetProxy = 150F08191C6D4AE000709858 /* PBXContainerItemProxy */;
		};
/* End PBXTargetDependency section */

/* Begin PBXVariantGroup section */
		150F08051C6D4ADF00709858 /* LaunchScreen.storyboard */ = {
			isa = PBXVariantGroup;
			children = (
				150F08061C6D4ADF00709858 /* Base */,
			);
			name = LaunchScreen.storyboard;
			sourceTree = "<group>";
		};
/* End PBXVariantGroup section */

/* Begin XCBuildConfiguration section */
		150F081F1C6D4AE000709858 /* Debug */ = {
			isa = XCBuildConfiguration;
			buildSettings = {
				ALWAYS_SEARCH_USER_PATHS = NO;
				CLANG_CXX_LANGUAGE_STANDARD = "gnu++0x";
				CLANG_CXX_LIBRARY = "libc++";
				CLANG_ENABLE_MODULES = YES;
				CLANG_ENABLE_OBJC_ARC = YES;
				CLANG_WARN_BOOL_CONVERSION = YES;
				CLANG_WARN_CONSTANT_CONVERSION = YES;
				CLANG_WARN_DIRECT_OBJC_ISA_USAGE = YES_ERROR;
				CLANG_WARN_EMPTY_BODY = YES;
				CLANG_WARN_ENUM_CONVERSION = YES;
				CLANG_WARN_INT_CONVERSION = YES;
				CLANG_WARN_OBJC_ROOT_CLASS = YES_ERROR;
				CLANG_WARN_UNREACHABLE_CODE = YES;
				CLANG_WARN__DUPLICATE_METHOD_MATCH = YES;
				"CODE_SIGN_IDENTITY[sdk=iphoneos*]" = "iPhone Developer";
				COPY_PHASE_STRIP = NO;
				DEBUG_INFORMATION_FORMAT = dwarf;
				ENABLE_STRICT_OBJC_MSGSEND = YES;
				ENABLE_TESTABILITY = YES;
				GCC_C_LANGUAGE_STANDARD = gnu99;
				GCC_DYNAMIC_NO_PIC = NO;
				GCC_NO_COMMON_BLOCKS = YES;
				GCC_OPTIMIZATION_LEVEL = 0;
				GCC_PREPROCESSOR_DEFINITIONS = (
					"DEBUG=1",
					"$(inherited)",
				);
				GCC_WARN_64_TO_32_BIT_CONVERSION = YES;
				GCC_WARN_ABOUT_RETURN_TYPE = YES_ERROR;
				GCC_WARN_UNDECLARED_SELECTOR = YES;
				GCC_WARN_UNINITIALIZED_AUTOS = YES_AGGRESSIVE;
				GCC_WARN_UNUSED_FUNCTION = YES;
				GCC_WARN_UNUSED_VARIABLE = YES;
				IPHONEOS_DEPLOYMENT_TARGET = 9.2;
				MTL_ENABLE_DEBUG_INFO = YES;
				ONLY_ACTIVE_ARCH = YES;
				SDKROOT = iphoneos;
				SWIFT_OPTIMIZATION_LEVEL = "-Onone";
			};
			name = Debug;
		};
		150F08201C6D4AE000709858 /* Release */ = {
			isa = XCBuildConfiguration;
			buildSettings = {
				ALWAYS_SEARCH_USER_PATHS = NO;
				CLANG_CXX_LANGUAGE_STANDARD = "gnu++0x";
				CLANG_CXX_LIBRARY = "libc++";
				CLANG_ENABLE_MODULES = YES;
				CLANG_ENABLE_OBJC_ARC = YES;
				CLANG_WARN_BOOL_CONVERSION = YES;
				CLANG_WARN_CONSTANT_CONVERSION = YES;
				CLANG_WARN_DIRECT_OBJC_ISA_USAGE = YES_ERROR;
				CLANG_WARN_EMPTY_BODY = YES;
				CLANG_WARN_ENUM_CONVERSION = YES;
				CLANG_WARN_INT_CONVERSION = YES;
				CLANG_WARN_OBJC_ROOT_CLASS = YES_ERROR;
				CLANG_WARN_UNREACHABLE_CODE = YES;
				CLANG_WARN__DUPLICATE_METHOD_MATCH = YES;
				"CODE_SIGN_IDENTITY[sdk=iphoneos*]" = "iPhone Developer";
				COPY_PHASE_STRIP = NO;
				DEBUG_INFORMATION_FORMAT = "dwarf-with-dsym";
				ENABLE_NS_ASSERTIONS = NO;
				ENABLE_STRICT_OBJC_MSGSEND = YES;
				GCC_C_LANGUAGE_STANDARD = gnu99;
				GCC_NO_COMMON_BLOCKS = YES;
				GCC_WARN_64_TO_32_BIT_CONVERSION = YES;
				GCC_WARN_ABOUT_RETURN_TYPE = YES_ERROR;
				GCC_WARN_UNDECLARED_SELECTOR = YES;
				GCC_WARN_UNINITIALIZED_AUTOS = YES_AGGRESSIVE;
				GCC_WARN_UNUSED_FUNCTION = YES;
				GCC_WARN_UNUSED_VARIABLE = YES;
				IPHONEOS_DEPLOYMENT_TARGET = 9.2;
				MTL_ENABLE_DEBUG_INFO = NO;
				SDKROOT = iphoneos;
				VALIDATE_PRODUCT = YES;
			};
			name = Release;
		};
		150F08221C6D4AE000709858 /* Debug */ = {
			isa = XCBuildConfiguration;
			baseConfigurationReference = 245106C73A4A0CA70D3326D8 /* Pods-LazyBastard.debug.xcconfig */;
			buildSettings = {
				ASSETCATALOG_COMPILER_APPICON_NAME = AppIcon;
				INFOPLIST_FILE = LazyBastard/Info.plist;
				IPHONEOS_DEPLOYMENT_TARGET = 8.1;
				LD_RUNPATH_SEARCH_PATHS = "$(inherited) @executable_path/Frameworks";
				PRODUCT_BUNDLE_IDENTIFIER = "com.ridiculous-innovations.LazyBastard";
				PRODUCT_NAME = "$(TARGET_NAME)";
				SWIFT_OBJC_BRIDGING_HEADER = "$(SRCROOT)/LazyBastard/BridgingHeaderFile.h";
			};
			name = Debug;
		};
		150F08231C6D4AE000709858 /* Release */ = {
			isa = XCBuildConfiguration;
			baseConfigurationReference = A9FDFF136C70A05ADCA9E09B /* Pods-LazyBastard.release.xcconfig */;
			buildSettings = {
				ASSETCATALOG_COMPILER_APPICON_NAME = AppIcon;
				INFOPLIST_FILE = LazyBastard/Info.plist;
				IPHONEOS_DEPLOYMENT_TARGET = 8.1;
				LD_RUNPATH_SEARCH_PATHS = "$(inherited) @executable_path/Frameworks";
				PRODUCT_BUNDLE_IDENTIFIER = "com.ridiculous-innovations.LazyBastard";
				PRODUCT_NAME = "$(TARGET_NAME)";
				SWIFT_OBJC_BRIDGING_HEADER = "$(SRCROOT)/LazyBastard/BridgingHeaderFile.h";
			};
			name = Release;
		};
		150F08251C6D4AE000709858 /* Debug */ = {
			isa = XCBuildConfiguration;
			buildSettings = {
				BUNDLE_LOADER = "$(TEST_HOST)";
				INFOPLIST_FILE = LazyBastardTests/Info.plist;
				LD_RUNPATH_SEARCH_PATHS = "$(inherited) @executable_path/Frameworks @loader_path/Frameworks";
				PRODUCT_BUNDLE_IDENTIFIER = "com.ridiculous-innovations.LazyBastardTests";
				PRODUCT_NAME = "$(TARGET_NAME)";
				TEST_HOST = "$(BUILT_PRODUCTS_DIR)/LazyBastard.app/LazyBastard";
			};
			name = Debug;
		};
		150F08261C6D4AE000709858 /* Release */ = {
			isa = XCBuildConfiguration;
			buildSettings = {
				BUNDLE_LOADER = "$(TEST_HOST)";
				INFOPLIST_FILE = LazyBastardTests/Info.plist;
				LD_RUNPATH_SEARCH_PATHS = "$(inherited) @executable_path/Frameworks @loader_path/Frameworks";
				PRODUCT_BUNDLE_IDENTIFIER = "com.ridiculous-innovations.LazyBastardTests";
				PRODUCT_NAME = "$(TARGET_NAME)";
				TEST_HOST = "$(BUILT_PRODUCTS_DIR)/LazyBastard.app/LazyBastard";
			};
			name = Release;
		};
		150F08281C6D4AE000709858 /* Debug */ = {
			isa = XCBuildConfiguration;
			buildSettings = {
				INFOPLIST_FILE = LazyBastardUITests/Info.plist;
				LD_RUNPATH_SEARCH_PATHS = "$(inherited) @executable_path/Frameworks @loader_path/Frameworks";
				PRODUCT_BUNDLE_IDENTIFIER = "com.ridiculous-innovations.LazyBastardUITests";
				PRODUCT_NAME = "$(TARGET_NAME)";
				TEST_TARGET_NAME = LazyBastard;
				USES_XCTRUNNER = YES;
			};
			name = Debug;
		};
		150F08291C6D4AE000709858 /* Release */ = {
			isa = XCBuildConfiguration;
			buildSettings = {
				INFOPLIST_FILE = LazyBastardUITests/Info.plist;
				LD_RUNPATH_SEARCH_PATHS = "$(inherited) @executable_path/Frameworks @loader_path/Frameworks";
				PRODUCT_BUNDLE_IDENTIFIER = "com.ridiculous-innovations.LazyBastardUITests";
				PRODUCT_NAME = "$(TARGET_NAME)";
				TEST_TARGET_NAME = LazyBastard;
				USES_XCTRUNNER = YES;
			};
			name = Release;
		};
/* End XCBuildConfiguration section */

/* Begin XCConfigurationList section */
		150F07F11C6D4ADF00709858 /* Build configuration list for PBXProject "LazyBastard" */ = {
			isa = XCConfigurationList;
			buildConfigurations = (
				150F081F1C6D4AE000709858 /* Debug */,
				150F08201C6D4AE000709858 /* Release */,
			);
			defaultConfigurationIsVisible = 0;
			defaultConfigurationName = Release;
		};
		150F08211C6D4AE000709858 /* Build configuration list for PBXNativeTarget "LazyBastard" */ = {
			isa = XCConfigurationList;
			buildConfigurations = (
				150F08221C6D4AE000709858 /* Debug */,
				150F08231C6D4AE000709858 /* Release */,
			);
			defaultConfigurationIsVisible = 0;
			defaultConfigurationName = Release;
		};
		150F08241C6D4AE000709858 /* Build configuration list for PBXNativeTarget "LazyBastardTests" */ = {
			isa = XCConfigurationList;
			buildConfigurations = (
				150F08251C6D4AE000709858 /* Debug */,
				150F08261C6D4AE000709858 /* Release */,
			);
			defaultConfigurationIsVisible = 0;
			defaultConfigurationName = Release;
		};
		150F08271C6D4AE000709858 /* Build configuration list for PBXNativeTarget "LazyBastardUITests" */ = {
			isa = XCConfigurationList;
			buildConfigurations = (
				150F08281C6D4AE000709858 /* Debug */,
				150F08291C6D4AE000709858 /* Release */,
			);
			defaultConfigurationIsVisible = 0;
			defaultConfigurationName = Release;
		};
/* End XCConfigurationList section */

/* Begin XCVersionGroup section */
		150F08001C6D4ADF00709858 /* LazyBastard.xcdatamodeld */ = {
			isa = XCVersionGroup;
			children = (
				150F08011C6D4ADF00709858 /* LazyBastard.xcdatamodel */,
			);
			currentVersion = 150F08011C6D4ADF00709858 /* LazyBastard.xcdatamodel */;
			path = LazyBastard.xcdatamodeld;
			sourceTree = "<group>";
			versionGroupType = wrapper.xcdatamodel;
		};
/* End XCVersionGroup section */
	};
	rootObject = 150F07EE1C6D4ADF00709858 /* Project object */;
}
